
Microsoft Visual Studio Solution File, Format Version 12.00
# Visual Studio Version 17
VisualStudioVersion = 17.2.32616.157
MinimumVisualStudioVersion = 10.0.40219.1
Project("{9A19103F-16F7-4668-BE54-9A1E7A4F7556}") = "EmployeeManagerAPI", "EmployeeManager\EmployeeManagerAPI.csproj", "{E0CF9ABE-1024-4D25-A2E3-36EB9E840F16}"
EndProject
Project("{FAE04EC0-301F-11D3-BF4B-00C04F79EFBC}") = "EmployeeManagerDomain", "EmployeeManagerDomain\EmployeeManagerDomain.csproj", "{08956300-31DE-4ED2-8FB6-4433168C4646}"
EndProject
Project("{FAE04EC0-301F-11D3-BF4B-00C04F79EFBC}") = "EmployeeManagerTests", "EmployeeManagerTests\EmployeeManagerTests.csproj", "{7F3904FF-FE60-4223-B3B7-59F4ECF98297}"
EndProject
Global
	GlobalSection(SolutionConfigurationPlatforms) = preSolution
		Debug|Any CPU = Debug|Any CPU
		Release|Any CPU = Release|Any CPU
	EndGlobalSection
	GlobalSection(ProjectConfigurationPlatforms) = postSolution
		{E0CF9ABE-1024-4D25-A2E3-36EB9E840F16}.Debug|Any CPU.ActiveCfg = Debug|Any CPU
		{E0CF9ABE-1024-4D25-A2E3-36EB9E840F16}.Debug|Any CPU.Build.0 = Debug|Any CPU
		{E0CF9ABE-1024-4D25-A2E3-36EB9E840F16}.Release|Any CPU.ActiveCfg = Release|Any CPU
		{E0CF9ABE-1024-4D25-A2E3-36EB9E840F16}.Release|Any CPU.Build.0 = Release|Any CPU
		{08956300-31DE-4ED2-8FB6-4433168C4646}.Debug|Any CPU.ActiveCfg = Debug|Any CPU
		{08956300-31DE-4ED2-8FB6-4433168C4646}.Debug|Any CPU.Build.0 = Debug|Any CPU
		{08956300-31DE-4ED2-8FB6-4433168C4646}.Release|Any CPU.ActiveCfg = Release|Any CPU
		{08956300-31DE-4ED2-8FB6-4433168C4646}.Release|Any CPU.Build.0 = Release|Any CPU
		{7F3904FF-FE60-4223-B3B7-59F4ECF98297}.Debug|Any CPU.ActiveCfg = Debug|Any CPU
		{7F3904FF-FE60-4223-B3B7-59F4ECF98297}.Debug|Any CPU.Build.0 = Debug|Any CPU
		{7F3904FF-FE60-4223-B3B7-59F4ECF98297}.Release|Any CPU.ActiveCfg = Release|Any CPU
		{7F3904FF-FE60-4223-B3B7-59F4ECF98297}.Release|Any CPU.Build.0 = Release|Any CPU
	EndGlobalSection
	GlobalSection(SolutionProperties) = preSolution
		HideSolutionNode = FALSE
	EndGlobalSection
	GlobalSection(ExtensibilityGlobals) = postSolution
		SolutionGuid = {5C897BAC-988E-4372-8173-DC21659E1F75}
	EndGlobalSection
EndGlobal
